
Microsoft Visual Studio Solution File, Format Version 12.00
# Visual Studio 14
VisualStudioVersion = 14.0.25420.1
MinimumVisualStudioVersion = 10.0.40219.1
Project("{FAE04EC0-301F-11D3-BF4B-00C04F79EFBC}") = "DataAccess", "DataAccess\DataAccess.csproj", "{CDCEA281-579C-40E7-AE21-9A0B44C913F6}"
EndProject
Project("{FAE04EC0-301F-11D3-BF4B-00C04F79EFBC}") = "Domain", "Domain\Domain.csproj", "{46ED9557-04D6-4E70-8DDA-D8636CCD7BAD}"
EndProject
Project("{FAE04EC0-301F-11D3-BF4B-00C04F79EFBC}") = "Autocenter.VIEW", "Autocenter.VIEW\Autocenter.VIEW.csproj", "{33D49BAF-A3A9-4B04-A7CF-91EB8E487593}"
EndProject
Project("{FAE04EC0-301F-11D3-BF4B-00C04F79EFBC}") = "Controllers", "Controllers\Controllers.csproj", "{DEB735D4-C142-432C-81E4-D22B7BBAD70B}"
EndProject
Project("{FAE04EC0-301F-11D3-BF4B-00C04F79EFBC}") = "ReportGenerator", "ReportGenerator\ReportGenerator.csproj", "{6A331008-B164-4E90-BA8F-ED9CAEF98C61}"
EndProject
Global
	GlobalSection(SolutionConfigurationPlatforms) = preSolution
		Debug|Any CPU = Debug|Any CPU
		Debug|ARM = Debug|ARM
		Debug|x64 = Debug|x64
		Debug|x86 = Debug|x86
		Release|Any CPU = Release|Any CPU
		Release|ARM = Release|ARM
		Release|x64 = Release|x64
		Release|x86 = Release|x86
	EndGlobalSection
	GlobalSection(ProjectConfigurationPlatforms) = postSolution
		{CDCEA281-579C-40E7-AE21-9A0B44C913F6}.Debug|Any CPU.ActiveCfg = Debug|Any CPU
		{CDCEA281-579C-40E7-AE21-9A0B44C913F6}.Debug|Any CPU.Build.0 = Debug|Any CPU
		{CDCEA281-579C-40E7-AE21-9A0B44C913F6}.Debug|ARM.ActiveCfg = Debug|Any CPU
		{CDCEA281-579C-40E7-AE21-9A0B44C913F6}.Debug|ARM.Build.0 = Debug|Any CPU
		{CDCEA281-579C-40E7-AE21-9A0B44C913F6}.Debug|x64.ActiveCfg = Debug|Any CPU
		{CDCEA281-579C-40E7-AE21-9A0B44C913F6}.Debug|x64.Build.0 = Debug|Any CPU
		{CDCEA281-579C-40E7-AE21-9A0B44C913F6}.Debug|x86.ActiveCfg = Debug|Any CPU
		{CDCEA281-579C-40E7-AE21-9A0B44C913F6}.Debug|x86.Build.0 = Debug|Any CPU
		{CDCEA281-579C-40E7-AE21-9A0B44C913F6}.Release|Any CPU.ActiveCfg = Release|Any CPU
		{CDCEA281-579C-40E7-AE21-9A0B44C913F6}.Release|Any CPU.Build.0 = Release|Any CPU
		{CDCEA281-579C-40E7-AE21-9A0B44C913F6}.Release|ARM.ActiveCfg = Release|Any CPU
		{CDCEA281-579C-40E7-AE21-9A0B44C913F6}.Release|ARM.Build.0 = Release|Any CPU
		{CDCEA281-579C-40E7-AE21-9A0B44C913F6}.Release|x64.ActiveCfg = Release|Any CPU
		{CDCEA281-579C-40E7-AE21-9A0B44C913F6}.Release|x64.Build.0 = Release|Any CPU
		{CDCEA281-579C-40E7-AE21-9A0B44C913F6}.Release|x86.ActiveCfg = Release|Any CPU
		{CDCEA281-579C-40E7-AE21-9A0B44C913F6}.Release|x86.Build.0 = Release|Any CPU
		{46ED9557-04D6-4E70-8DDA-D8636CCD7BAD}.Debug|Any CPU.ActiveCfg = Debug|Any CPU
		{46ED9557-04D6-4E70-8DDA-D8636CCD7BAD}.Debug|Any CPU.Build.0 = Debug|Any CPU
		{46ED9557-04D6-4E70-8DDA-D8636CCD7BAD}.Debug|ARM.ActiveCfg = Debug|Any CPU
		{46ED9557-04D6-4E70-8DDA-D8636CCD7BAD}.Debug|ARM.Build.0 = Debug|Any CPU
		{46ED9557-04D6-4E70-8DDA-D8636CCD7BAD}.Debug|x64.ActiveCfg = Debug|Any CPU
		{46ED9557-04D6-4E70-8DDA-D8636CCD7BAD}.Debug|x64.Build.0 = Debug|Any CPU
		{46ED9557-04D6-4E70-8DDA-D8636CCD7BAD}.Debug|x86.ActiveCfg = Debug|Any CPU
		{46ED9557-04D6-4E70-8DDA-D8636CCD7BAD}.Debug|x86.Build.0 = Debug|Any CPU
		{46ED9557-04D6-4E70-8DDA-D8636CCD7BAD}.Release|Any CPU.ActiveCfg = Release|Any CPU
		{46ED9557-04D6-4E70-8DDA-D8636CCD7BAD}.Release|Any CPU.Build.0 = Release|Any CPU
		{46ED9557-04D6-4E70-8DDA-D8636CCD7BAD}.Release|ARM.ActiveCfg = Release|Any CPU
		{46ED9557-04D6-4E70-8DDA-D8636CCD7BAD}.Release|ARM.Build.0 = Release|Any CPU
		{46ED9557-04D6-4E70-8DDA-D8636CCD7BAD}.Release|x64.ActiveCfg = Release|Any CPU
		{46ED9557-04D6-4E70-8DDA-D8636CCD7BAD}.Release|x64.Build.0 = Release|Any CPU
		{46ED9557-04D6-4E70-8DDA-D8636CCD7BAD}.Release|x86.ActiveCfg = Release|Any CPU
		{46ED9557-04D6-4E70-8DDA-D8636CCD7BAD}.Release|x86.Build.0 = Release|Any CPU
		{33D49BAF-A3A9-4B04-A7CF-91EB8E487593}.Debug|Any CPU.ActiveCfg = Debug|Any CPU
		{33D49BAF-A3A9-4B04-A7CF-91EB8E487593}.Debug|Any CPU.Build.0 = Debug|Any CPU
		{33D49BAF-A3A9-4B04-A7CF-91EB8E487593}.Debug|ARM.ActiveCfg = Debug|Any CPU
		{33D49BAF-A3A9-4B04-A7CF-91EB8E487593}.Debug|ARM.Build.0 = Debug|Any CPU
		{33D49BAF-A3A9-4B04-A7CF-91EB8E487593}.Debug|x64.ActiveCfg = Debug|Any CPU
		{33D49BAF-A3A9-4B04-A7CF-91EB8E487593}.Debug|x64.Build.0 = Debug|Any CPU
		{33D49BAF-A3A9-4B04-A7CF-91EB8E487593}.Debug|x86.ActiveCfg = Debug|Any CPU
		{33D49BAF-A3A9-4B04-A7CF-91EB8E487593}.Debug|x86.Build.0 = Debug|Any CPU
		{33D49BAF-A3A9-4B04-A7CF-91EB8E487593}.Release|Any CPU.ActiveCfg = Release|Any CPU
		{33D49BAF-A3A9-4B04-A7CF-91EB8E487593}.Release|Any CPU.Build.0 = Release|Any CPU
		{33D49BAF-A3A9-4B04-A7CF-91EB8E487593}.Release|ARM.ActiveCfg = Release|Any CPU
		{33D49BAF-A3A9-4B04-A7CF-91EB8E487593}.Release|ARM.Build.0 = Release|Any CPU
		{33D49BAF-A3A9-4B04-A7CF-91EB8E487593}.Release|x64.ActiveCfg = Release|Any CPU
		{33D49BAF-A3A9-4B04-A7CF-91EB8E487593}.Release|x64.Build.0 = Release|Any CPU
		{33D49BAF-A3A9-4B04-A7CF-91EB8E487593}.Release|x86.ActiveCfg = Release|Any CPU
		{33D49BAF-A3A9-4B04-A7CF-91EB8E487593}.Release|x86.Build.0 = Release|Any CPU
		{DEB735D4-C142-432C-81E4-D22B7BBAD70B}.Debug|Any CPU.ActiveCfg = Debug|Any CPU
		{DEB735D4-C142-432C-81E4-D22B7BBAD70B}.Debug|Any CPU.Build.0 = Debug|Any CPU
		{DEB735D4-C142-432C-81E4-D22B7BBAD70B}.Debug|ARM.ActiveCfg = Debug|Any CPU
		{DEB735D4-C142-432C-81E4-D22B7BBAD70B}.Debug|ARM.Build.0 = Debug|Any CPU
		{DEB735D4-C142-432C-81E4-D22B7BBAD70B}.Debug|x64.ActiveCfg = Debug|Any CPU
		{DEB735D4-C142-432C-81E4-D22B7BBAD70B}.Debug|x64.Build.0 = Debug|Any CPU
		{DEB735D4-C142-432C-81E4-D22B7BBAD70B}.Debug|x86.ActiveCfg = Debug|Any CPU
		{DEB735D4-C142-432C-81E4-D22B7BBAD70B}.Debug|x86.Build.0 = Debug|Any CPU
		{DEB735D4-C142-432C-81E4-D22B7BBAD70B}.Release|Any CPU.ActiveCfg = Release|Any CPU
		{DEB735D4-C142-432C-81E4-D22B7BBAD70B}.Release|Any CPU.Build.0 = Release|Any CPU
		{DEB735D4-C142-432C-81E4-D22B7BBAD70B}.Release|ARM.ActiveCfg = Release|Any CPU
		{DEB735D4-C142-432C-81E4-D22B7BBAD70B}.Release|ARM.Build.0 = Release|Any CPU
		{DEB735D4-C142-432C-81E4-D22B7BBAD70B}.Release|x64.ActiveCfg = Release|Any CPU
		{DEB735D4-C142-432C-81E4-D22B7BBAD70B}.Release|x64.Build.0 = Release|Any CPU
		{DEB735D4-C142-432C-81E4-D22B7BBAD70B}.Release|x86.ActiveCfg = Release|Any CPU
		{DEB735D4-C142-432C-81E4-D22B7BBAD70B}.Release|x86.Build.0 = Release|Any CPU
		{6A331008-B164-4E90-BA8F-ED9CAEF98C61}.Debug|Any CPU.ActiveCfg = Debug|Any CPU
		{6A331008-B164-4E90-BA8F-ED9CAEF98C61}.Debug|Any CPU.Build.0 = Debug|Any CPU
		{6A331008-B164-4E90-BA8F-ED9CAEF98C61}.Debug|ARM.ActiveCfg = Debug|Any CPU
		{6A331008-B164-4E90-BA8F-ED9CAEF98C61}.Debug|ARM.Build.0 = Debug|Any CPU
		{6A331008-B164-4E90-BA8F-ED9CAEF98C61}.Debug|x64.ActiveCfg = Debug|Any CPU
		{6A331008-B164-4E90-BA8F-ED9CAEF98C61}.Debug|x64.Build.0 = Debug|Any CPU
		{6A331008-B164-4E90-BA8F-ED9CAEF98C61}.Debug|x86.ActiveCfg = Debug|Any CPU
		{6A331008-B164-4E90-BA8F-ED9CAEF98C61}.Debug|x86.Build.0 = Debug|Any CPU
		{6A331008-B164-4E90-BA8F-ED9CAEF98C61}.Release|Any CPU.ActiveCfg = Release|Any CPU
		{6A331008-B164-4E90-BA8F-ED9CAEF98C61}.Release|Any CPU.Build.0 = Release|Any CPU
		{6A331008-B164-4E90-BA8F-ED9CAEF98C61}.Release|ARM.ActiveCfg = Release|Any CPU
		{6A331008-B164-4E90-BA8F-ED9CAEF98C61}.Release|ARM.Build.0 = Release|Any CPU
		{6A331008-B164-4E90-BA8F-ED9CAEF98C61}.Release|x64.ActiveCfg = Release|Any CPU
		{6A331008-B164-4E90-BA8F-ED9CAEF98C61}.Release|x64.Build.0 = Release|Any CPU
		{6A331008-B164-4E90-BA8F-ED9CAEF98C61}.Release|x86.ActiveCfg = Release|Any CPU
		{6A331008-B164-4E90-BA8F-ED9CAEF98C61}.Release|x86.Build.0 = Release|Any CPU
	EndGlobalSection
	GlobalSection(SolutionProperties) = preSolution
		HideSolutionNode = FALSE
	EndGlobalSection
EndGlobal
